
Microsoft Visual Studio Solution File, Format Version 12.00
# Visual Studio Version 17
VisualStudioVersion = 17.7.34031.279
MinimumVisualStudioVersion = 10.0.40219.1
Project("{9A19103F-16F7-4668-BE54-9A1E7A4F7556}") = "tech-project-back-end", "tech-project-back-end\tech-project-back-end.csproj", "{1B3CF084-F72D-4AF8-BB33-BE0757FA529C}"
EndProject
Project("{E53339B2-1760-4266-BCC7-CA923CBCF16C}") = "docker-compose", "docker-compose.dcproj", "{D8462C3F-92C5-4061-8F9F-7E70836D4359}"
EndProject
Global
	GlobalSection(SolutionConfigurationPlatforms) = preSolution
		Debug|Any CPU = Debug|Any CPU
		Release|Any CPU = Release|Any CPU
	EndGlobalSection
	GlobalSection(ProjectConfigurationPlatforms) = postSolution
		{1B3CF084-F72D-4AF8-BB33-BE0757FA529C}.Debug|Any CPU.ActiveCfg = Debug|Any CPU
		{1B3CF084-F72D-4AF8-BB33-BE0757FA529C}.Debug|Any CPU.Build.0 = Debug|Any CPU
		{1B3CF084-F72D-4AF8-BB33-BE0757FA529C}.Release|Any CPU.ActiveCfg = Release|Any CPU
		{1B3CF084-F72D-4AF8-BB33-BE0757FA529C}.Release|Any CPU.Build.0 = Release|Any CPU
		{D8462C3F-92C5-4061-8F9F-7E70836D4359}.Debug|Any CPU.ActiveCfg = Debug|Any CPU
		{D8462C3F-92C5-4061-8F9F-7E70836D4359}.Debug|Any CPU.Build.0 = Debug|Any CPU
		{D8462C3F-92C5-4061-8F9F-7E70836D4359}.Release|Any CPU.ActiveCfg = Release|Any CPU
		{D8462C3F-92C5-4061-8F9F-7E70836D4359}.Release|Any CPU.Build.0 = Release|Any CPU
	EndGlobalSection
	GlobalSection(SolutionProperties) = preSolution
		HideSolutionNode = FALSE
	EndGlobalSection
	GlobalSection(ExtensibilityGlobals) = postSolution
		SolutionGuid = {5B14895B-4E43-4D91-A81C-CC070B10E642}
	EndGlobalSection
EndGlobal
