
Microsoft Visual Studio Solution File, Format Version 12.00
# Visual Studio Version 17
VisualStudioVersion = 17.7.34031.279
MinimumVisualStudioVersion = 10.0.40219.1
Project("{FAE04EC0-301F-11D3-BF4B-00C04F79EFBC}") = "tech-project-back-end", "tech-project-back-end\tech-project-back-end.csproj", "{1B3CF084-F72D-4AF8-BB33-BE0757FA529C}"
EndProject
Global
	GlobalSection(SolutionConfigurationPlatforms) = preSolution
		Debug|Any CPU = Debug|Any CPU
		Release|Any CPU = Release|Any CPU
	EndGlobalSection
	GlobalSection(ProjectConfigurationPlatforms) = postSolution
		{1B3CF084-F72D-4AF8-BB33-BE0757FA529C}.Debug|Any CPU.ActiveCfg = Debug|Any CPU
		{1B3CF084-F72D-4AF8-BB33-BE0757FA529C}.Debug|Any CPU.Build.0 = Debug|Any CPU
		{1B3CF084-F72D-4AF8-BB33-BE0757FA529C}.Release|Any CPU.ActiveCfg = Release|Any CPU
		{1B3CF084-F72D-4AF8-BB33-BE0757FA529C}.Release|Any CPU.Build.0 = Release|Any CPU
	EndGlobalSection
	GlobalSection(SolutionProperties) = preSolution
		HideSolutionNode = FALSE
	EndGlobalSection
	GlobalSection(ExtensibilityGlobals) = postSolution
		SolutionGuid = {5B14895B-4E43-4D91-A81C-CC070B10E642}
	EndGlobalSection
EndGlobal
